
Microsoft Visual Studio Solution File, Format Version 12.00
# Visual Studio Version 17
VisualStudioVersion = 17.8.34511.84
MinimumVisualStudioVersion = 10.0.40219.1
Project("{FAE04EC0-301F-11D3-BF4B-00C04F79EFBC}") = "SecSemesterProjOOP", "SecSemesterProjOOP\SecSemesterProjOOP.csproj", "{F49676E7-4270-46D5-A11B-3736365EF2EF}"
EndProject
Global
	GlobalSection(SolutionConfigurationPlatforms) = preSolution
		Debug|Any CPU = Debug|Any CPU
		Release|Any CPU = Release|Any CPU
	EndGlobalSection
	GlobalSection(ProjectConfigurationPlatforms) = postSolution
		{F49676E7-4270-46D5-A11B-3736365EF2EF}.Debug|Any CPU.ActiveCfg = Debug|Any CPU
		{F49676E7-4270-46D5-A11B-3736365EF2EF}.Debug|Any CPU.Build.0 = Debug|Any CPU
		{F49676E7-4270-46D5-A11B-3736365EF2EF}.Release|Any CPU.ActiveCfg = Release|Any CPU
		{F49676E7-4270-46D5-A11B-3736365EF2EF}.Release|Any CPU.Build.0 = Release|Any CPU
	EndGlobalSection
	GlobalSection(SolutionProperties) = preSolution
		HideSolutionNode = FALSE
	EndGlobalSection
	GlobalSection(ExtensibilityGlobals) = postSolution
		SolutionGuid = {8324129A-403B-4AC3-8A6A-D80F17F1E0D1}
	EndGlobalSection
EndGlobal
